
Microsoft Visual Studio Solution File, Format Version 12.00
# Visual Studio Version 17
VisualStudioVersion = 17.5.33516.290
MinimumVisualStudioVersion = 10.0.40219.1
Project("{888888A0-9F3D-457C-B088-3A5042F75D52}") = "AdventCode", "AdventCode\AdventCode.pyproj", "{889237D6-8510-43E6-85C1-CE91606A5717}"
EndProject
Global
	GlobalSection(SolutionConfigurationPlatforms) = preSolution
		Debug|Any CPU = Debug|Any CPU
		Release|Any CPU = Release|Any CPU
	EndGlobalSection
	GlobalSection(ProjectConfigurationPlatforms) = postSolution
		{889237D6-8510-43E6-85C1-CE91606A5717}.Debug|Any CPU.ActiveCfg = Debug|Any CPU
		{889237D6-8510-43E6-85C1-CE91606A5717}.Release|Any CPU.ActiveCfg = Release|Any CPU
	EndGlobalSection
	GlobalSection(SolutionProperties) = preSolution
		HideSolutionNode = FALSE
	EndGlobalSection
	GlobalSection(ExtensibilityGlobals) = postSolution
		SolutionGuid = {1CCE643B-D6C1-43A3-A6B5-B7083E1ED44E}
	EndGlobalSection
EndGlobal
